
Microsoft Visual Studio Solution File, Format Version 12.00
# Visual Studio Version 16
VisualStudioVersion = 16.0.30114.105
MinimumVisualStudioVersion = 10.0.40219.1
Project("{9A19103F-16F7-4668-BE54-9A1E7A4F7556}") = "MinecraftServerWrapper", "MinecraftServerWrapper\MinecraftServerWrapper.csproj", "{B619DDDC-8391-4899-B1CA-8B6211105519}"
EndProject
Project("{9A19103F-16F7-4668-BE54-9A1E7A4F7556}") = "SamplePlugins", "SamplePlugins\SamplePlugins.csproj", "{F5369679-CB55-4ED4-8C27-DA5ABB62EFB4}"
EndProject
Project("{FAE04EC0-301F-11D3-BF4B-00C04F79EFBC}") = "MinecraftServerWrapper.Models", "MinecraftServerWrapper.Models\MinecraftServerWrapper.Models.csproj", "{2CDD1B6B-9C82-46FA-8223-ED5127F670BC}"
EndProject
Global
	GlobalSection(SolutionConfigurationPlatforms) = preSolution
		Debug|Any CPU = Debug|Any CPU
		Release|Any CPU = Release|Any CPU
	EndGlobalSection
	GlobalSection(ProjectConfigurationPlatforms) = postSolution
		{B619DDDC-8391-4899-B1CA-8B6211105519}.Debug|Any CPU.ActiveCfg = Debug|Any CPU
		{B619DDDC-8391-4899-B1CA-8B6211105519}.Debug|Any CPU.Build.0 = Debug|Any CPU
		{B619DDDC-8391-4899-B1CA-8B6211105519}.Release|Any CPU.ActiveCfg = Release|Any CPU
		{B619DDDC-8391-4899-B1CA-8B6211105519}.Release|Any CPU.Build.0 = Release|Any CPU
		{F5369679-CB55-4ED4-8C27-DA5ABB62EFB4}.Debug|Any CPU.ActiveCfg = Debug|Any CPU
		{F5369679-CB55-4ED4-8C27-DA5ABB62EFB4}.Debug|Any CPU.Build.0 = Debug|Any CPU
		{F5369679-CB55-4ED4-8C27-DA5ABB62EFB4}.Release|Any CPU.ActiveCfg = Release|Any CPU
		{F5369679-CB55-4ED4-8C27-DA5ABB62EFB4}.Release|Any CPU.Build.0 = Release|Any CPU
		{2CDD1B6B-9C82-46FA-8223-ED5127F670BC}.Debug|Any CPU.ActiveCfg = Debug|Any CPU
		{2CDD1B6B-9C82-46FA-8223-ED5127F670BC}.Debug|Any CPU.Build.0 = Debug|Any CPU
		{2CDD1B6B-9C82-46FA-8223-ED5127F670BC}.Release|Any CPU.ActiveCfg = Release|Any CPU
		{2CDD1B6B-9C82-46FA-8223-ED5127F670BC}.Release|Any CPU.Build.0 = Release|Any CPU
	EndGlobalSection
	GlobalSection(SolutionProperties) = preSolution
		HideSolutionNode = FALSE
	EndGlobalSection
	GlobalSection(ExtensibilityGlobals) = postSolution
		SolutionGuid = {B6E6FC67-0397-4D08-BD52-93547E535084}
	EndGlobalSection
EndGlobal
